
Microsoft Visual Studio Solution File, Format Version 12.00
# Visual Studio 15
Project("{FAE04EC0-301F-11D3-BF4B-00C04F79EFBC}") = "ConcentrationApp.IOS", "ConcentrationApp\ConcentrationApp.IOS.csproj", "{0B118D63-E5CA-4F9B-BA25-B9B7CC5C4974}"
EndProject
Project("{FAE04EC0-301F-11D3-BF4B-00C04F79EFBC}") = "Concentration", "Concentration\Concentration.csproj", "{046CD18E-9F45-4A84-9D82-A5DF240532E9}"
EndProject
Global
	GlobalSection(SolutionConfigurationPlatforms) = preSolution
		Debug|iPhoneSimulator = Debug|iPhoneSimulator
		Release|iPhone = Release|iPhone
		Release|iPhoneSimulator = Release|iPhoneSimulator
		Debug|iPhone = Debug|iPhone
	EndGlobalSection
	GlobalSection(ProjectConfigurationPlatforms) = postSolution
		{0B118D63-E5CA-4F9B-BA25-B9B7CC5C4974}.Debug|iPhoneSimulator.ActiveCfg = Debug|iPhoneSimulator
		{0B118D63-E5CA-4F9B-BA25-B9B7CC5C4974}.Debug|iPhoneSimulator.Build.0 = Debug|iPhoneSimulator
		{0B118D63-E5CA-4F9B-BA25-B9B7CC5C4974}.Release|iPhone.ActiveCfg = Release|iPhone
		{0B118D63-E5CA-4F9B-BA25-B9B7CC5C4974}.Release|iPhone.Build.0 = Release|iPhone
		{0B118D63-E5CA-4F9B-BA25-B9B7CC5C4974}.Release|iPhoneSimulator.ActiveCfg = Release|iPhoneSimulator
		{0B118D63-E5CA-4F9B-BA25-B9B7CC5C4974}.Release|iPhoneSimulator.Build.0 = Release|iPhoneSimulator
		{0B118D63-E5CA-4F9B-BA25-B9B7CC5C4974}.Debug|iPhone.ActiveCfg = Debug|iPhone
		{0B118D63-E5CA-4F9B-BA25-B9B7CC5C4974}.Debug|iPhone.Build.0 = Debug|iPhone
		{046CD18E-9F45-4A84-9D82-A5DF240532E9}.Debug|iPhoneSimulator.ActiveCfg = Debug|Any CPU
		{046CD18E-9F45-4A84-9D82-A5DF240532E9}.Debug|iPhoneSimulator.Build.0 = Debug|Any CPU
		{046CD18E-9F45-4A84-9D82-A5DF240532E9}.Release|iPhone.ActiveCfg = Release|Any CPU
		{046CD18E-9F45-4A84-9D82-A5DF240532E9}.Release|iPhone.Build.0 = Release|Any CPU
		{046CD18E-9F45-4A84-9D82-A5DF240532E9}.Release|iPhoneSimulator.ActiveCfg = Release|Any CPU
		{046CD18E-9F45-4A84-9D82-A5DF240532E9}.Release|iPhoneSimulator.Build.0 = Release|Any CPU
		{046CD18E-9F45-4A84-9D82-A5DF240532E9}.Debug|iPhone.ActiveCfg = Debug|Any CPU
		{046CD18E-9F45-4A84-9D82-A5DF240532E9}.Debug|iPhone.Build.0 = Debug|Any CPU
	EndGlobalSection
EndGlobal
